# This file was autogenerated by Stack.
# You should not edit this file by hand.
# For more information, please see the documentation at:
#   https://docs.haskellstack.org/en/stable/lock_files

packages:
- completed:
    hackage: slack-api-0.11@sha256:77f98d0fb5d690605239e1bfe6dd913ef74734c5b4105d6e84e8384c3320300e,3463
    pantry-tree:
      size: 2384
      sha256: f27b51bf8512a9dc363ff7e2ec6fe4960c7846e657275cf534d20025b38540fe
  original:
    hackage: slack-api-0.11
snapshots:
- completed:
    size: 498402
    url: https://raw.githubusercontent.com/commercialhaskell/stackage-snapshots/master/lts/13/24.yaml
    sha256: 33e96adfe24f112b62f6edd22565cdbaa13155703bbfbfdc3d0a9bc6138ae7bf
  original: lts-13.24
